
Microsoft Visual Studio Solution File, Format Version 12.00
Project("{FAE04EC0-301F-11D3-BF4B-00C04F79EFBC}") = "UniversitySystem.Domain", "UniversitySystem.Domain\UniversitySystem.Domain.csproj", "{11741583-3328-449C-BC91-8F27180129FB}"
EndProject
Project("{FAE04EC0-301F-11D3-BF4B-00C04F79EFBC}") = "UniversitySystem.Application", "UniversitySystem.Application\UniversitySystem.Application.csproj", "{C2D76FE5-E98D-467E-9053-DEB640EDACBE}"
EndProject
Project("{FAE04EC0-301F-11D3-BF4B-00C04F79EFBC}") = "UniversitySystem.Infrastructure", "UniversitySystem.Infrastructure\UniversitySystem.Infrastructure.csproj", "{E3EAA365-BAF1-402E-8E79-DB69569F046D}"
EndProject
Project("{FAE04EC0-301F-11D3-BF4B-00C04F79EFBC}") = "UniversitySystem.Web", "UniversitySystem.Web\UniversitySystem.Web.csproj", "{F452D955-9FD0-42A3-90CF-451C6EF74340}"
EndProject
Global
	GlobalSection(SolutionConfigurationPlatforms) = preSolution
		Debug|Any CPU = Debug|Any CPU
		Release|Any CPU = Release|Any CPU
	EndGlobalSection
	GlobalSection(ProjectConfigurationPlatforms) = postSolution
		{11741583-3328-449C-BC91-8F27180129FB}.Debug|Any CPU.ActiveCfg = Debug|Any CPU
		{11741583-3328-449C-BC91-8F27180129FB}.Debug|Any CPU.Build.0 = Debug|Any CPU
		{11741583-3328-449C-BC91-8F27180129FB}.Release|Any CPU.ActiveCfg = Release|Any CPU
		{11741583-3328-449C-BC91-8F27180129FB}.Release|Any CPU.Build.0 = Release|Any CPU
		{C2D76FE5-E98D-467E-9053-DEB640EDACBE}.Debug|Any CPU.ActiveCfg = Debug|Any CPU
		{C2D76FE5-E98D-467E-9053-DEB640EDACBE}.Debug|Any CPU.Build.0 = Debug|Any CPU
		{C2D76FE5-E98D-467E-9053-DEB640EDACBE}.Release|Any CPU.ActiveCfg = Release|Any CPU
		{C2D76FE5-E98D-467E-9053-DEB640EDACBE}.Release|Any CPU.Build.0 = Release|Any CPU
		{E3EAA365-BAF1-402E-8E79-DB69569F046D}.Debug|Any CPU.ActiveCfg = Debug|Any CPU
		{E3EAA365-BAF1-402E-8E79-DB69569F046D}.Debug|Any CPU.Build.0 = Debug|Any CPU
		{E3EAA365-BAF1-402E-8E79-DB69569F046D}.Release|Any CPU.ActiveCfg = Release|Any CPU
		{E3EAA365-BAF1-402E-8E79-DB69569F046D}.Release|Any CPU.Build.0 = Release|Any CPU
		{F452D955-9FD0-42A3-90CF-451C6EF74340}.Debug|Any CPU.ActiveCfg = Debug|Any CPU
		{F452D955-9FD0-42A3-90CF-451C6EF74340}.Debug|Any CPU.Build.0 = Debug|Any CPU
		{F452D955-9FD0-42A3-90CF-451C6EF74340}.Release|Any CPU.ActiveCfg = Release|Any CPU
		{F452D955-9FD0-42A3-90CF-451C6EF74340}.Release|Any CPU.Build.0 = Release|Any CPU
	EndGlobalSection
EndGlobal
